
Microsoft Visual Studio Solution File, Format Version 12.00
# Visual Studio Version 17
VisualStudioVersion = 17.5.33516.290
MinimumVisualStudioVersion = 10.0.40219.1
Project("{FAE04EC0-301F-11D3-BF4B-00C04F79EFBC}") = "TrafficPoliceBlazor.Server", "TrafficPoliceBlazor\Server\TrafficPoliceBlazor.Server.csproj", "{84E40308-A256-4AA9-A992-BEF357F5C9EE}"
EndProject
Project("{FAE04EC0-301F-11D3-BF4B-00C04F79EFBC}") = "TrafficPoliceBlazor.Client", "TrafficPoliceBlazor\Client\TrafficPoliceBlazor.Client.csproj", "{95DF2543-4581-4ACD-9814-CAF81A60F412}"
EndProject
Project("{FAE04EC0-301F-11D3-BF4B-00C04F79EFBC}") = "TrafficPoliceBlazor.Shared", "TrafficPoliceBlazor\Shared\TrafficPoliceBlazor.Shared.csproj", "{F76F410D-E2F4-4AF4-8DBC-00B23F4C654B}"
EndProject
Global
	GlobalSection(SolutionConfigurationPlatforms) = preSolution
		Debug|Any CPU = Debug|Any CPU
		Release|Any CPU = Release|Any CPU
	EndGlobalSection
	GlobalSection(ProjectConfigurationPlatforms) = postSolution
		{84E40308-A256-4AA9-A992-BEF357F5C9EE}.Debug|Any CPU.ActiveCfg = Debug|Any CPU
		{84E40308-A256-4AA9-A992-BEF357F5C9EE}.Debug|Any CPU.Build.0 = Debug|Any CPU
		{84E40308-A256-4AA9-A992-BEF357F5C9EE}.Release|Any CPU.ActiveCfg = Release|Any CPU
		{84E40308-A256-4AA9-A992-BEF357F5C9EE}.Release|Any CPU.Build.0 = Release|Any CPU
		{95DF2543-4581-4ACD-9814-CAF81A60F412}.Debug|Any CPU.ActiveCfg = Debug|Any CPU
		{95DF2543-4581-4ACD-9814-CAF81A60F412}.Debug|Any CPU.Build.0 = Debug|Any CPU
		{95DF2543-4581-4ACD-9814-CAF81A60F412}.Release|Any CPU.ActiveCfg = Release|Any CPU
		{95DF2543-4581-4ACD-9814-CAF81A60F412}.Release|Any CPU.Build.0 = Release|Any CPU
		{F76F410D-E2F4-4AF4-8DBC-00B23F4C654B}.Debug|Any CPU.ActiveCfg = Debug|Any CPU
		{F76F410D-E2F4-4AF4-8DBC-00B23F4C654B}.Debug|Any CPU.Build.0 = Debug|Any CPU
		{F76F410D-E2F4-4AF4-8DBC-00B23F4C654B}.Release|Any CPU.ActiveCfg = Release|Any CPU
		{F76F410D-E2F4-4AF4-8DBC-00B23F4C654B}.Release|Any CPU.Build.0 = Release|Any CPU
	EndGlobalSection
	GlobalSection(SolutionProperties) = preSolution
		HideSolutionNode = FALSE
	EndGlobalSection
	GlobalSection(ExtensibilityGlobals) = postSolution
		SolutionGuid = {508C2E20-DEA6-4E3B-B236-6D190946BA76}
	EndGlobalSection
EndGlobal
